# This file is automatically @generated by Cargo.
# It is not intended for manual editing.
version = 3

[[package]]
name = "byte-strings"
version = "0.2.2"
dependencies = [
 "byte-strings-proc_macros",
]

[[package]]
name = "byte-strings-proc_macros"
version = "0.2.2"
dependencies = [
 "proc-macro2",
 "quote",
 "syn",
]

[[package]]
name = "proc-macro2"
version = "1.0.0"
source = "registry+https://github.com/rust-lang/crates.io-index"
checksum = "19f287c234c9b2d0308d692dee5c449c1a171167a6f8150f7cf2a49d8fd96967"
dependencies = [
 "unicode-xid",
]

[[package]]
name = "quote"
version = "1.0.0"
source = "registry+https://github.com/rust-lang/crates.io-index"
checksum = "7ab938ebe6f1c82426b5fb82eaf10c3e3028c53deaa3fbe38f5904b37cf4d767"
dependencies = [
 "proc-macro2",
]

[[package]]
name = "syn"
version = "1.0.7"
source = "registry+https://github.com/rust-lang/crates.io-index"
checksum = "0e7bedb3320d0f3035594b0b723c8a28d7d336a3eda3881db79e61d676fb644c"
dependencies = [
 "proc-macro2",
 "quote",
 "unicode-xid",
]

[[package]]
name = "unicode-xid"
version = "0.2.0"
source = "registry+https://github.com/rust-lang/crates.io-index"
checksum = "826e7639553986605ec5979c7dd957c7895e93eabed50ab2ffa7f6128a75097c"
